PODS:
  - Alamofire (5.6.4)
  - SDWebImage (5.14.3):
    - SDWebImage/Core (= 5.14.3)
  - SDWebImage/Core (5.14.3)
  - SVProgressHUD (2.2.5)
  - SwiftyJSON (5.0.1)

DEPENDENCIES:
  - Alamofire
  - SDWebImage
  - SVProgressHUD
  - SwiftyJSON

SPEC REPOS:
  trunk:
    - Alamofire
    - SDWebImage
    - SVProgressHUD
    - SwiftyJSON

SPEC CHECKSUMS:
  Alamofire: 4e95d97098eacb88856099c4fc79b526a299e48c
  SDWebImage: 9c36e66c8ce4620b41a7407698dda44211a96764
  SVProgressHUD: 1428aafac632c1f86f62aa4243ec12008d7a51d6
  SwiftyJSON: 2f33a42c6fbc52764d96f13368585094bfd8aa5e

PODFILE CHECKSUM: 141e53ada8e24ee66c3bbb2a51fc54813492ce75

COCOAPODS: 1.11.3
